# THIS IS AN AUTOGENERATED FILE. DO NOT EDIT THIS FILE DIRECTLY.
# yarn lockfile v1


"@babel/runtime@^7.12.5", "@babel/runtime@^7.25.0":
  version "7.28.3"

"@coral-xyz/anchor-errors@^0.31.1":
  version "0.31.1"

"@coral-xyz/anchor@^0.29.0":
  version "0.29.0"
  resolved "https://registry.npmjs.org/@coral-xyz/anchor/-/anchor-0.29.0.tgz"
  integrity sha512-eny6QNG0WOwqV0zQ7cs/b1tIuzZGmP7U7EcH+ogt4Gdbl8HDmIYVMh/9aTmYZPaFWjtUaI8qSn73uYEXWfATdA==
  dependencies:
    "@coral-xyz/borsh" "^0.29.0"
    "@noble/hashes" "^1.3.1"
    "@solana/web3.js" "^1.68.0"
    bn.js "^5.1.2"
    bs58 "^4.0.1"
    buffer-layout "^1.2.2"
    camelcase "^6.3.0"
    cross-fetch "^3.1.5"
    crypto-hash "^1.3.0"
    eventemitter3 "^4.0.7"
    pako "^2.0.3"
    snake-case "^3.0.4"
    superstruct "^0.15.4"
    toml "^3.0.0"

"@coral-xyz/anchor@^0.31.1":
  version "0.31.1"
  resolved "https://registry.npmjs.org/@coral-xyz/anchor/-/anchor-0.31.1.tgz"
  integrity sha512-QUqpoEK+gi2S6nlYc2atgT2r41TT3caWr/cPUEL8n8Md9437trZ68STknq897b82p5mW0XrTBNOzRbmIRJtfsA==
  dependencies:
    "@coral-xyz/anchor-errors" "^0.31.1"
    "@coral-xyz/borsh" "^0.31.1"
    "@noble/hashes" "^1.3.1"
    "@solana/web3.js" "^1.69.0"
    bn.js "^5.1.2"
    bs58 "^4.0.1"
    buffer-layout "^1.2.2"
    camelcase "^6.3.0"
    cross-fetch "^3.1.5"
    eventemitter3 "^4.0.7"
    pako "^2.0.3"
    superstruct "^0.15.4"
    toml "^3.0.0"

"@coral-xyz/borsh@^0.29.0":
  version "0.29.0"
  resolved "https://registry.npmjs.org/@coral-xyz/borsh/-/borsh-0.29.0.tgz"
  integrity sha512-s7VFVa3a0oqpkuRloWVPdCK7hMbAMY270geZOGfCnaqexrP5dTIpbEHL33req6IYPPJ0hYa71cdvJ1h6V55/oQ==
  dependencies:
    bn.js "^5.1.2"
    buffer-layout "^1.2.0"

"@coral-xyz/borsh@^0.31.1":
  version "0.31.1"
  dependencies:
    bn.js "^5.1.2"
    buffer-layout "^1.2.0"

"@grpc/grpc-js@^1.8.13":
  version "1.13.4"
  resolved "https://registry.npmjs.org/@grpc/grpc-js/-/grpc-js-1.13.4.tgz"
  integrity sha512-GsFaMXCkMqkKIvwCQjCrwH+GHbPKBjhwo/8ZuUkWHqbI73Kky9I+pQltrlT0+MWpedCoosda53lgjYfyEPgxBg==
  dependencies:
    "@grpc/proto-loader" "^0.7.13"
    "@js-sdsl/ordered-map" "^4.4.2"

"@grpc/proto-loader@^0.7.13":
  version "0.7.15"
  resolved "https://registry.npmjs.org/@grpc/proto-loader/-/proto-loader-0.7.15.tgz"
  integrity sha512-tMXdRCfYVixjuFK+Hk0Q1s38gV9zDiDJfWL3h1rv4Qc39oILCu1TRTDt7+fGUI8K4G1Fj125Hx/ru3azECWTyQ==
  dependencies:
    lodash.camelcase "^4.3.0"
    long "^5.0.0"
    protobufjs "^7.2.5"
    yargs "^17.7.2"

"@js-sdsl/ordered-map@^4.4.2":
  version "4.4.2"
  resolved "https://registry.npmjs.org/@js-sdsl/ordered-map/-/ordered-map-4.4.2.tgz"
  integrity sha512-iUKgm52T8HOE/makSxjqoWhe95ZJA1/G1sYsGev2JDKUSS14KAgg1LHb+Ba+IPow0xflbnSkOsZcO08C7w1gYw==

"@noble/curves@^1.0.0", "@noble/curves@^1.4.2":
  version "1.9.7"
  resolved "https://registry.npmjs.org/@noble/curves/-/curves-1.9.7.tgz"
  integrity sha512-gbKGcRUYIjA3/zCCNaWDciTMFI0dCkvou3TL8Zmy5Nc7sJ47a0jtOeZoTaMxkuqRo9cRhjOdZJXegxYE5FN/xw==
  dependencies:
    "@noble/hashes" "1.8.0"

"@noble/ed25519@^1.7.0", "@noble/ed25519@^1.7.1":
  version "1.7.5"
  resolved "https://registry.npmjs.org/@noble/ed25519/-/ed25519-1.7.5.tgz"
  integrity sha512-xuS0nwRMQBvSxDa7UxMb61xTiH3MxTgUfhyPUALVIe0FlOAz4sjELwyDRyUvqeEYfRSG9qNjFIycqLZppg4RSA==

"@noble/hashes@^1.1.2", "@noble/hashes@^1.3.0", "@noble/hashes@^1.3.1", "@noble/hashes@^1.4.0", "@noble/hashes@1.8.0":
  version "1.8.0"

"@noble/secp256k1@^1.6.3":
  version "1.7.2"
  resolved "https://registry.npmjs.org/@noble/secp256k1/-/secp256k1-1.7.2.tgz"
  integrity sha512-/qzwYl5eFLH8OWIecQWM31qld2g1NfjgylK+TNhqtaUKP37Nm+Y+z30Fjhw0Ct8p9yCQEm2N3W/AckdIb3SMcQ==

"@protobufjs/aspromise@^1.1.1", "@protobufjs/aspromise@^1.1.2":
  version "1.1.2"
  resolved "https://registry.npmjs.org/@protobufjs/aspromise/-/aspromise-1.1.2.tgz"
  integrity sha512-j+gKExEuLmKwvz3OgROXtrJ2UG2x8Ch2YZUxahh+s1F2HZ+wAceUNLkvy6zKCPVRkU++ZWQrdxsUeQXmcg4uoQ==

"@protobufjs/base64@^1.1.2":
  version "1.1.2"
  resolved "https://registry.npmjs.org/@protobufjs/base64/-/base64-1.1.2.tgz"
  integrity sha512-AZkcAA5vnN/v4PDqKyMR5lx7hZttPDgClv83E//FMNhR2TMcLUhfRUBHCmSl0oi9zMgDDqRUJkSxO3wm85+XLg==

"@protobufjs/codegen@^2.0.4":
  version "2.0.4"
  resolved "https://registry.npmjs.org/@protobufjs/codegen/-/codegen-2.0.4.tgz"
  integrity sha512-YyFaikqM5sH0ziFZCN3xDC7zeGaB/d0IUb9CATugHWbd1FRFwWwt4ld4OYMPWu5a3Xe01mGAULCdqhMlPl29Jg==

"@protobufjs/eventemitter@^1.1.0":
  version "1.1.0"
  resolved "https://registry.npmjs.org/@protobufjs/eventemitter/-/eventemitter-1.1.0.tgz"
  integrity sha512-j9ednRT81vYJ9OfVuXG6ERSTdEL1xVsNgqpkxMsbIabzSo3goCjDIveeGv5d03om39ML71RdmrGNjG5SReBP/Q==

"@protobufjs/fetch@^1.1.0":
  version "1.1.0"
  resolved "https://registry.npmjs.org/@protobufjs/fetch/-/fetch-1.1.0.tgz"
  integrity sha512-lljVXpqXebpsijW71PZaCYeIcE5on1w5DlQy5WH6GLbFryLUrBD4932W/E2BSpfRJWseIL4v/KPgBFxDOIdKpQ==
  dependencies:
    "@protobufjs/aspromise" "^1.1.1"
    "@protobufjs/inquire" "^1.1.0"

"@protobufjs/float@^1.0.2":
  version "1.0.2"
  resolved "https://registry.npmjs.org/@protobufjs/float/-/float-1.0.2.tgz"
  integrity sha512-Ddb+kVXlXst9d+R9PfTIxh1EdNkgoRe5tOX6t01f1lYWOvJnSPDBlG241QLzcyPdoNTsblLUdujGSE4RzrTZGQ==

"@protobufjs/inquire@^1.1.0":
  version "1.1.0"
  resolved "https://registry.npmjs.org/@protobufjs/inquire/-/inquire-1.1.0.tgz"
  integrity sha512-kdSefcPdruJiFMVSbn801t4vFK7KB/5gd2fYvrxhuJYg8ILrmn9SKSX2tZdV6V+ksulWqS7aXjBcRXl3wHoD9Q==

"@protobufjs/path@^1.1.2":
  version "1.1.2"
  resolved "https://registry.npmjs.org/@protobufjs/path/-/path-1.1.2.tgz"
  integrity sha512-6JOcJ5Tm08dOHAbdR3GrvP+yUUfkjG5ePsHYczMFLq3ZmMkAD98cDgcT2iA1lJ9NVwFd4tH/iSSoe44YWkltEA==

"@protobufjs/pool@^1.1.0":
  version "1.1.0"
  resolved "https://registry.npmjs.org/@protobufjs/pool/-/pool-1.1.0.tgz"
  integrity sha512-0kELaGSIDBKvcgS4zkjz1PeddatrjYcmMWOlAuAPwAeccUrPHdUqo/J6LiymHHEiJT5NrF1UVwxY14f+fy4WQw==

"@protobufjs/utf8@^1.1.0":
  version "1.1.0"
  resolved "https://registry.npmjs.org/@protobufjs/utf8/-/utf8-1.1.0.tgz"
  integrity sha512-Vvn3zZrhQZkkBE8LSuW3em98c0FwgO4nxzv6OdSxPKJIEKY2bGbHn+mhGIPerzI4twdxaP8/0+06HBpwf345Lw==

"@pythnetwork/price-service-sdk@>=1.6.0":
  version "1.8.0"
  dependencies:
    bn.js "^5.2.1"

"@pythnetwork/pyth-solana-receiver@^0.8.1":
  version "0.8.2"
  resolved "https://registry.npmjs.org/@pythnetwork/pyth-solana-receiver/-/pyth-solana-receiver-0.8.2.tgz"
  integrity sha512-WrrdwwhSYvvB5vJEL+SfPnfuxgkRKMeKdZvGFFwe6ENrMhrQCM05oDkvNNYfXATLcpQGRAyBu9l1xIxUxixpqw==
  dependencies:
    "@coral-xyz/anchor" "^0.29.0"
    "@noble/hashes" "^1.4.0"
    "@pythnetwork/price-service-sdk" ">=1.6.0"
    "@pythnetwork/solana-utils" "0.4.2"
    "@solana/web3.js" "^1.90.0"

"@pythnetwork/solana-utils@0.4.2":
  version "0.4.2"
  resolved "https://registry.npmjs.org/@pythnetwork/solana-utils/-/solana-utils-0.4.2.tgz"
  integrity sha512-hKo7Bcs/kDWA5Fnqhg9zJSB94NMoUDIDjHjSi/uvZOzwizISUQI6oY3LWd2CXzNh4f8djjY2BS5iNHaM4cm8Bw==
  dependencies:
    "@coral-xyz/anchor" "^0.29.0"
    "@solana/web3.js" "^1.90.0"
    bs58 "^5.0.0"
    jito-ts "^3.0.1"

"@solana/buffer-layout-utils@^0.2.0":
  version "0.2.0"
  resolved "https://registry.npmjs.org/@solana/buffer-layout-utils/-/buffer-layout-utils-0.2.0.tgz"
  integrity sha512-szG4sxgJGktbuZYDg2FfNmkMi0DYQoVjN2h7ta1W1hPrwzarcFLBq9UpX1UjNXsNpT9dn+chgprtWGioUAr4/g==
  dependencies:
    "@solana/buffer-layout" "^4.0.0"
    "@solana/web3.js" "^1.32.0"
    bigint-buffer "^1.1.5"
    bignumber.js "^9.0.1"

"@solana/buffer-layout@^4.0.0", "@solana/buffer-layout@^4.0.1":
  version "4.0.1"
  dependencies:
    buffer "~6.0.3"

"@solana/codecs-core@2.0.0-rc.1":
  version "2.0.0-rc.1"
  resolved "https://registry.npmjs.org/@solana/codecs-core/-/codecs-core-2.0.0-rc.1.tgz"
  integrity sha512-bauxqMfSs8EHD0JKESaNmNuNvkvHSuN3bbWAF5RjOfDu2PugxHrvRebmYauvSumZ3cTfQ4HJJX6PG5rN852qyQ==
  dependencies:
    "@solana/errors" "2.0.0-rc.1"

"@solana/codecs-core@2.3.0":
  version "2.3.0"
  resolved "https://registry.npmjs.org/@solana/codecs-core/-/codecs-core-2.3.0.tgz"
  integrity sha512-oG+VZzN6YhBHIoSKgS5ESM9VIGzhWjEHEGNPSibiDTxFhsFWxNaz8LbMDPjBUE69r9wmdGLkrQ+wVPbnJcZPvw==
  dependencies:
    "@solana/errors" "2.3.0"

"@solana/codecs-data-structures@2.0.0-rc.1":
  version "2.0.0-rc.1"
  resolved "https://registry.npmjs.org/@solana/codecs-data-structures/-/codecs-data-structures-2.0.0-rc.1.tgz"
  integrity sha512-rinCv0RrAVJ9rE/rmaibWJQxMwC5lSaORSZuwjopSUE6T0nb/MVg6Z1siNCXhh/HFTOg0l8bNvZHgBcN/yvXog==
  dependencies:
    "@solana/codecs-core" "2.0.0-rc.1"
    "@solana/codecs-numbers" "2.0.0-rc.1"
    "@solana/errors" "2.0.0-rc.1"

"@solana/codecs-numbers@^2.1.0":
  version "2.3.0"
  resolved "https://registry.npmjs.org/@solana/codecs-numbers/-/codecs-numbers-2.3.0.tgz"
  integrity sha512-jFvvwKJKffvG7Iz9dmN51OGB7JBcy2CJ6Xf3NqD/VP90xak66m/Lg48T01u5IQ/hc15mChVHiBm+HHuOFDUrQg==
  dependencies:
    "@solana/codecs-core" "2.3.0"
    "@solana/errors" "2.3.0"

"@solana/codecs-numbers@2.0.0-rc.1":
  version "2.0.0-rc.1"
  resolved "https://registry.npmjs.org/@solana/codecs-numbers/-/codecs-numbers-2.0.0-rc.1.tgz"
  integrity sha512-J5i5mOkvukXn8E3Z7sGIPxsThRCgSdgTWJDQeZvucQ9PT6Y3HiVXJ0pcWiOWAoQ3RX8e/f4I3IC+wE6pZiJzDQ==
  dependencies:
    "@solana/codecs-core" "2.0.0-rc.1"
    "@solana/errors" "2.0.0-rc.1"

"@solana/codecs-strings@2.0.0-rc.1":
  version "2.0.0-rc.1"
  resolved "https://registry.npmjs.org/@solana/codecs-strings/-/codecs-strings-2.0.0-rc.1.tgz"
  integrity sha512-9/wPhw8TbGRTt6mHC4Zz1RqOnuPTqq1Nb4EyuvpZ39GW6O2t2Q7Q0XxiB3+BdoEjwA2XgPw6e2iRfvYgqty44g==
  dependencies:
    "@solana/codecs-core" "2.0.0-rc.1"
    "@solana/codecs-numbers" "2.0.0-rc.1"
    "@solana/errors" "2.0.0-rc.1"

"@solana/codecs@2.0.0-rc.1":
  version "2.0.0-rc.1"
  resolved "https://registry.npmjs.org/@solana/codecs/-/codecs-2.0.0-rc.1.tgz"
  integrity sha512-qxoR7VybNJixV51L0G1RD2boZTcxmwUWnKCaJJExQ5qNKwbpSyDdWfFJfM5JhGyKe9DnPVOZB+JHWXnpbZBqrQ==
  dependencies:
    "@solana/codecs-core" "2.0.0-rc.1"
    "@solana/codecs-data-structures" "2.0.0-rc.1"
    "@solana/codecs-numbers" "2.0.0-rc.1"
    "@solana/codecs-strings" "2.0.0-rc.1"
    "@solana/options" "2.0.0-rc.1"

"@solana/errors@2.0.0-rc.1":
  version "2.0.0-rc.1"
  resolved "https://registry.npmjs.org/@solana/errors/-/errors-2.0.0-rc.1.tgz"
  integrity sha512-ejNvQ2oJ7+bcFAYWj225lyRkHnixuAeb7RQCixm+5mH4n1IA4Qya/9Bmfy5RAAHQzxK43clu3kZmL5eF9VGtYQ==
  dependencies:
    chalk "^5.3.0"
    commander "^12.1.0"

"@solana/errors@2.3.0":
  version "2.3.0"
  resolved "https://registry.npmjs.org/@solana/errors/-/errors-2.3.0.tgz"
  integrity sha512-66RI9MAbwYV0UtP7kGcTBVLxJgUxoZGm8Fbc0ah+lGiAw17Gugco6+9GrJCV83VyF2mDWyYnYM9qdI3yjgpnaQ==
  dependencies:
    chalk "^5.4.1"
    commander "^14.0.0"

"@solana/options@2.0.0-rc.1":
  version "2.0.0-rc.1"
  resolved "https://registry.npmjs.org/@solana/options/-/options-2.0.0-rc.1.tgz"
  integrity sha512-mLUcR9mZ3qfHlmMnREdIFPf9dpMc/Bl66tLSOOWxw4ml5xMT2ohFn7WGqoKcu/UHkT9CrC6+amEdqCNvUqI7AA==
  dependencies:
    "@solana/codecs-core" "2.0.0-rc.1"
    "@solana/codecs-data-structures" "2.0.0-rc.1"
    "@solana/codecs-numbers" "2.0.0-rc.1"
    "@solana/codecs-strings" "2.0.0-rc.1"
    "@solana/errors" "2.0.0-rc.1"

"@solana/spl-token-group@^0.0.7":
  version "0.0.7"
  resolved "https://registry.npmjs.org/@solana/spl-token-group/-/spl-token-group-0.0.7.tgz"
  integrity sha512-V1N/iX7Cr7H0uazWUT2uk27TMqlqedpXHRqqAbVO2gvmJyT0E0ummMEAVQeXZ05ZhQ/xF39DLSdBp90XebWEug==
  dependencies:
    "@solana/codecs" "2.0.0-rc.1"

"@solana/spl-token-metadata@^0.1.6":
  version "0.1.6"
  resolved "https://registry.npmjs.org/@solana/spl-token-metadata/-/spl-token-metadata-0.1.6.tgz"
  integrity sha512-7sMt1rsm/zQOQcUWllQX9mD2O6KhSAtY1hFR2hfFwgqfFWzSY9E9GDvFVNYUI1F0iQKcm6HmePU9QbKRXTEBiA==
  dependencies:
    "@solana/codecs" "2.0.0-rc.1"

"@solana/spl-token@^0.4.13":
  version "0.4.13"
  resolved "https://registry.npmjs.org/@solana/spl-token/-/spl-token-0.4.13.tgz"
  integrity sha512-cite/pYWQZZVvLbg5lsodSovbetK/eA24gaR0eeUeMuBAMNrT8XFCwaygKy0N2WSg3gSyjjNpIeAGBAKZaY/1w==
  dependencies:
    "@solana/buffer-layout" "^4.0.0"
    "@solana/buffer-layout-utils" "^0.2.0"
    "@solana/spl-token-group" "^0.0.7"
    "@solana/spl-token-metadata" "^0.1.6"
    buffer "^6.0.3"

"@solana/web3.js@^1.32.0", "@solana/web3.js@^1.69.0", "@solana/web3.js@1.73.0":
  version "1.73.0"
  resolved "https://registry.npmjs.org/@solana/web3.js/-/web3.js-1.73.0.tgz"
  integrity sha512-YrgX3Py7ylh8NYkbanoINUPCj//bWUjYZ5/WPy9nQ9SK3Cl7QWCR+NmbDjmC/fTspZGR+VO9LTQslM++jr5PRw==
  dependencies:
    "@babel/runtime" "^7.12.5"
    "@noble/ed25519" "^1.7.0"
    "@noble/hashes" "^1.1.2"
    "@noble/secp256k1" "^1.6.3"
    "@solana/buffer-layout" "^4.0.0"
    agentkeepalive "^4.2.1"
    bigint-buffer "^1.1.5"
    bn.js "^5.0.0"
    borsh "^0.7.0"
    bs58 "^4.0.1"
    buffer "6.0.1"
    fast-stable-stringify "^1.0.0"
    jayson "^3.4.4"
    node-fetch "2"
    rpc-websockets "^7.5.0"
    superstruct "^0.14.2"

"@solana/web3.js@^1.68.0", "@solana/web3.js@^1.90.0":
  version "1.98.4"
  resolved "https://registry.npmjs.org/@solana/web3.js/-/web3.js-1.98.4.tgz"
  integrity sha512-vv9lfnvjUsRiq//+j5pBdXig0IQdtzA0BRZ3bXEP4KaIyF1CcaydWqgyzQgfZMNIsWNWmG+AUHwPy4AHOD6gpw==
  dependencies:
    "@babel/runtime" "^7.25.0"
    "@noble/curves" "^1.4.2"
    "@noble/hashes" "^1.4.0"
    "@solana/buffer-layout" "^4.0.1"
    "@solana/codecs-numbers" "^2.1.0"
    agentkeepalive "^4.5.0"
    bn.js "^5.2.1"
    borsh "^0.7.0"
    bs58 "^4.0.1"
    buffer "6.0.3"
    fast-stable-stringify "^1.0.0"
    jayson "^4.1.1"
    node-fetch "^2.7.0"
    rpc-websockets "^9.0.2"
    superstruct "^2.0.2"

"@solana/web3.js@~1.77.3":
  version "1.77.4"
  resolved "https://registry.npmjs.org/@solana/web3.js/-/web3.js-1.77.4.tgz"
  integrity sha512-XdN0Lh4jdY7J8FYMyucxCwzn6Ga2Sr1DHDWRbqVzk7ZPmmpSPOVWHzO67X1cVT+jNi1D6gZi2tgjHgDPuj6e9Q==
  dependencies:
    "@babel/runtime" "^7.12.5"
    "@noble/curves" "^1.0.0"
    "@noble/hashes" "^1.3.0"
    "@solana/buffer-layout" "^4.0.0"
    agentkeepalive "^4.2.1"
    bigint-buffer "^1.1.5"
    bn.js "^5.0.0"
    borsh "^0.7.0"
    bs58 "^4.0.1"
    buffer "6.0.3"
    fast-stable-stringify "^1.0.0"
    jayson "^4.1.0"
    node-fetch "^2.6.7"
    rpc-websockets "^7.5.1"
    superstruct "^0.14.2"

"@swc/helpers@^0.5.11":
  version "0.5.17"
  resolved "https://registry.npmjs.org/@swc/helpers/-/helpers-0.5.17.tgz"
  integrity sha512-5IKx/Y13RsYd+sauPb2x+U/xZikHjolzfuDgTAl/Tdf3Q8rslRvC19NKDLgAJQ6wsqADk10ntlv08nPFw/gO/A==
  dependencies:
    tslib "^2.8.0"

"@types/bn.js@^5.1.0":
  version "5.2.0"
  dependencies:
    "@types/node" "*"

"@types/chai@^4.3.0":
  version "4.3.20"

"@types/connect@^3.4.33":
  version "3.4.38"
  resolved "https://registry.npmjs.org/@types/connect/-/connect-3.4.38.tgz"
  integrity sha512-K6uROf1LD88uDQqJCktA4yzL1YYAK6NgfsI0v/mTgyPKWsX1CnJ0XPSDhViejru1GcRkLWb8RlzFYJRqGUbaug==
  dependencies:
    "@types/node" "*"

"@types/json5@^0.0.29":
  version "0.0.29"

"@types/mocha@^9.0.0":
  version "9.1.1"

"@types/node@*", "@types/node@^24.3.0", "@types/node@>=13.7.0":
  version "24.3.0"
  resolved "https://registry.npmjs.org/@types/node/-/node-24.3.0.tgz"
  integrity sha512-aPTXCrfwnDLj4VvXrm+UUCQjNEvJgNA8s5F1cvwQU+3KNltTOkBm1j30uNLyqqPNe7gE3KFzImYoZEfLhp4Yow==
  dependencies:
    undici-types "~7.10.0"

"@types/node@^12.12.54":
  version "12.20.55"
  resolved "https://registry.npmjs.org/@types/node/-/node-12.20.55.tgz"
  integrity sha512-J8xLz7q2OFulZ2cyGTLE1TbbZcjpno7FaN6zdJNrgAdrJ+DZzh/uFR6YrTb4C+nXakvud8Q4+rbhoIWlYQbUFQ==

"@types/uuid@^8.3.4":
  version "8.3.4"
  resolved "https://registry.npmjs.org/@types/uuid/-/uuid-8.3.4.tgz"
  integrity sha512-c/I8ZRb51j+pYGAu5CrFMRxqZ2ke4y2grEBO5AUjgSkSk+qT2Ea+OdWElz/OiMf5MNpn2b17kuVBwZLQJXzihw==

"@types/ws@^7.4.4":
  version "7.4.7"
  resolved "https://registry.npmjs.org/@types/ws/-/ws-7.4.7.tgz"
  integrity sha512-JQbbmxZTZehdc2iszGKs5oC3NFnjeay7mtAWrdt7qNtAVK0g19muApzAy4bm9byz79xa2ZnO/BOBC2R8RC5Lww==
  dependencies:
    "@types/node" "*"

"@types/ws@^8.2.2":
  version "8.18.1"
  resolved "https://registry.npmjs.org/@types/ws/-/ws-8.18.1.tgz"
  integrity sha512-ThVF6DCVhA8kUGy+aazFQ4kXQ7E1Ty7A3ypFOe0IcJV8O/M511G99AW24irKrW56Wt44yG9+ij8FaqoBGkuBXg==
  dependencies:
    "@types/node" "*"

"@ungap/promise-all-settled@1.1.2":
  version "1.1.2"

agentkeepalive@^4.2.1, agentkeepalive@^4.3.0, agentkeepalive@^4.5.0:
  version "4.6.0"
  dependencies:
    humanize-ms "^1.2.1"

ansi-colors@4.1.1:
  version "4.1.1"

ansi-regex@^5.0.1:
  version "5.0.1"

ansi-styles@^4.0.0, ansi-styles@^4.1.0:
  version "4.3.0"
  dependencies:
    color-convert "^2.0.1"

anymatch@~3.1.2:
  version "3.1.3"
  dependencies:
    normalize-path "^3.0.0"
    picomatch "^2.0.4"

argparse@^2.0.1:
  version "2.0.1"

arrify@^1.0.0:
  version "1.0.1"

assertion-error@^1.1.0:
  version "1.1.0"

balanced-match@^1.0.0:
  version "1.0.2"

base-x@^3.0.2:
  version "3.0.11"
  dependencies:
    safe-buffer "^5.0.1"

base-x@^4.0.0:
  version "4.0.1"
  resolved "https://registry.npmjs.org/base-x/-/base-x-4.0.1.tgz"
  integrity sha512-uAZ8x6r6S3aUM9rbHGVOIsR15U/ZSc82b3ymnCPsT45Gk1DDvhDPdIgB5MrhirZWt+5K0EEPQH985kNqZgNPFw==

base64-js@^1.3.1:
  version "1.5.1"

bigint-buffer@^1.1.5:
  version "1.1.5"
  resolved "https://registry.npmjs.org/bigint-buffer/-/bigint-buffer-1.1.5.tgz"
  integrity sha512-trfYco6AoZ+rKhKnxA0hgX0HAbVP/s808/EuDSe2JDzUnCp/xAsli35Orvk67UrTEcwuxZqYZDmfA2RXJgxVvA==
  dependencies:
    bindings "^1.3.0"

bignumber.js@^9.0.1:
  version "9.3.1"
  resolved "https://registry.npmjs.org/bignumber.js/-/bignumber.js-9.3.1.tgz"
  integrity sha512-Ko0uX15oIUS7wJ3Rb30Fs6SkVbLmPBAKdlm7q9+ak9bbIeFf0MwuBsQV6z7+X768/cHsfg+WlysDWJcmthjsjQ==

binary-extensions@^2.0.0:
  version "2.3.0"

bindings@^1.3.0:
  version "1.5.0"
  resolved "https://registry.npmjs.org/bindings/-/bindings-1.5.0.tgz"
  integrity sha512-p2q/t/mhvuOj/UeLlV6566GD/guowlr0hHxClI0W9m7MWYkL1F0hLo+0Aexs9HSPCtR1SXQ0TD3MMKrXZajbiQ==
  dependencies:
    file-uri-to-path "1.0.0"

bn.js@^5.0.0, bn.js@^5.1.2, bn.js@^5.2.0, bn.js@^5.2.1:
  version "5.2.2"

borsh@^0.7.0:
  version "0.7.0"
  dependencies:
    bn.js "^5.2.0"
    bs58 "^4.0.0"
    text-encoding-utf-8 "^1.0.2"

brace-expansion@^1.1.7:
  version "1.1.12"
  dependencies:
    balanced-match "^1.0.0"
    concat-map "0.0.1"

braces@~3.0.2:
  version "3.0.3"
  dependencies:
    fill-range "^7.1.1"

browser-stdout@1.3.1:
  version "1.3.1"

bs58@^4.0.0, bs58@^4.0.1:
  version "4.0.1"
  resolved "https://registry.npmjs.org/bs58/-/bs58-4.0.1.tgz"
  integrity sha512-Ok3Wdf5vOIlBrgCvTq96gBkJw+JUEzdBgyaza5HLtPm7yTHkjRy8+JzNyHF7BHa0bNWOQIp3m5YF0nnFcOIKLw==
  dependencies:
    base-x "^3.0.2"

bs58@^5.0.0:
  version "5.0.0"
  resolved "https://registry.npmjs.org/bs58/-/bs58-5.0.0.tgz"
  integrity sha512-r+ihvQJvahgYT50JD05dyJNKlmmSlMoOGwn1lCcEzanPglg7TxYjioQUYehQ9mAR/+hOSd2jRc/Z2y5UxBymvQ==
  dependencies:
    base-x "^4.0.0"

buffer-from@^1.0.0, buffer-from@^1.1.0:
  version "1.1.2"

buffer-layout@^1.2.0, buffer-layout@^1.2.2:
  version "1.2.2"

buffer@^6.0.3, buffer@~6.0.3, buffer@6.0.3:
  version "6.0.3"
  dependencies:
    base64-js "^1.3.1"
    ieee754 "^1.2.1"

buffer@6.0.1:
  version "6.0.1"
  resolved "https://registry.npmjs.org/buffer/-/buffer-6.0.1.tgz"
  integrity sha512-rVAXBwEcEoYtxnHSO5iWyhzV/O1WMtkUYWlfdLS7FjU4PnSJJHEfHXi/uHPI5EwltmOA794gN3bm3/pzuctWjQ==
  dependencies:
    base64-js "^1.3.1"
    ieee754 "^1.2.1"

bufferutil@^4.0.1:
  version "4.0.9"
  dependencies:
    node-gyp-build "^4.3.0"

camelcase@^6.0.0, camelcase@^6.3.0:
  version "6.3.0"

chai@^4.3.4:
  version "4.5.0"
  dependencies:
    assertion-error "^1.1.0"
    check-error "^1.0.3"
    deep-eql "^4.1.3"
    get-func-name "^2.0.2"
    loupe "^2.3.6"
    pathval "^1.1.1"
    type-detect "^4.1.0"

chalk@^4.1.0:
  version "4.1.2"
  dependencies:
    ansi-styles "^4.1.0"
    supports-color "^7.1.0"

chalk@^5.3.0, chalk@^5.4.1:
  version "5.6.0"
  resolved "https://registry.npmjs.org/chalk/-/chalk-5.6.0.tgz"
  integrity sha512-46QrSQFyVSEyYAgQ22hQ+zDa60YHA4fBstHmtSApj1Y5vKtG27fWowW03jCk5KcbXEWPZUIR894aARCA/G1kfQ==

check-error@^1.0.3:
  version "1.0.3"
  dependencies:
    get-func-name "^2.0.2"

chokidar@3.5.3:
  version "3.5.3"
  dependencies:
    anymatch "~3.1.2"
    braces "~3.0.2"
    glob-parent "~5.1.2"
    is-binary-path "~2.1.0"
    is-glob "~4.0.1"
    normalize-path "~3.0.0"
    readdirp "~3.6.0"
  optionalDependencies:
    fsevents "~2.3.2"

cliui@^7.0.2:
  version "7.0.4"
  dependencies:
    string-width "^4.2.0"
    strip-ansi "^6.0.0"
    wrap-ansi "^7.0.0"

cliui@^8.0.1:
  version "8.0.1"
  resolved "https://registry.npmjs.org/cliui/-/cliui-8.0.1.tgz"
  integrity sha512-BSeNnyus75C4//NQ9gQt1/csTXyo/8Sb+afLAkzAptFuMsod9HFokGNudZpi/oQV73hnVK+sR+5PVRMd+Dr7YQ==
  dependencies:
    string-width "^4.2.0"
    strip-ansi "^6.0.1"
    wrap-ansi "^7.0.0"

color-convert@^2.0.1:
  version "2.0.1"
  dependencies:
    color-name "~1.1.4"

color-name@~1.1.4:
  version "1.1.4"

commander@^12.1.0:
  version "12.1.0"
  resolved "https://registry.npmjs.org/commander/-/commander-12.1.0.tgz"
  integrity sha512-Vw8qHK3bZM9y/P10u3Vib8o/DdkvA2OtPtZvD871QKjy74Wj1WSKFILMPRPSdUSx5RFK1arlJzEtA4PkFgnbuA==

commander@^14.0.0:
  version "14.0.0"
  resolved "https://registry.npmjs.org/commander/-/commander-14.0.0.tgz"
  integrity sha512-2uM9rYjPvyq39NwLRqaiLtWHyDC1FvryJDa2ATTVims5YAS4PupsEQsDvP14FqhFr0P49CYDugi59xaxJlTXRA==

commander@^2.20.3:
  version "2.20.3"
  resolved "https://registry.npmjs.org/commander/-/commander-2.20.3.tgz"
  integrity sha512-GpVkmM8vF2vQUkj2LvZmD35JxeJOLCwJ9cUkugyk2nuhbv3+mJvpLYYt+0+USMxE+oj+ey/lJEnhZw75x/OMcQ==

concat-map@0.0.1:
  version "0.0.1"

cross-fetch@^3.1.5:
  version "3.2.0"
  dependencies:
    node-fetch "^2.7.0"

crypto-hash@^1.3.0:
  version "1.3.0"

debug@4.3.3:
  version "4.3.3"
  dependencies:
    ms "2.1.2"

decamelize@^4.0.0:
  version "4.0.0"

deep-eql@^4.1.3:
  version "4.1.4"
  dependencies:
    type-detect "^4.0.0"

delay@^5.0.0:
  version "5.0.0"
  resolved "https://registry.npmjs.org/delay/-/delay-5.0.0.tgz"
  integrity sha512-ReEBKkIfe4ya47wlPYf/gu5ib6yUG0/Aez0JQZQz94kiWtRQvZIQbTiehsnwHvLSWJnQdhVeqYue7Id1dKr0qw==

diff@^3.1.0:
  version "3.5.0"

diff@5.0.0:
  version "5.0.0"

dot-case@^3.0.4:
  version "3.0.4"
  dependencies:
    no-case "^3.0.4"
    tslib "^2.0.3"

dotenv@^16.0.3:
  version "16.6.1"
  resolved "https://registry.npmjs.org/dotenv/-/dotenv-16.6.1.tgz"
  integrity sha512-uBq4egWHTcTt33a72vpSG0z3HnPuIl6NqYcTrKEg2azoEyl2hpW0zqlxysq2pK9HlDIHyHyakeYaYnSAwd8bow==

emoji-regex@^8.0.0:
  version "8.0.0"

es6-promise@^4.0.3:
  version "4.2.8"
  resolved "https://registry.npmjs.org/es6-promise/-/es6-promise-4.2.8.tgz"
  integrity sha512-HJDGx5daxeIvxdBxvG2cb9g4tEvwIk3i8+nhX0yGrYmZUzbkdg8QbDevheDB8gd0//uPj4c1EQua8Q+MViT0/w==

es6-promisify@^5.0.0:
  version "5.0.0"
  resolved "https://registry.npmjs.org/es6-promisify/-/es6-promisify-5.0.0.tgz"
  integrity sha512-C+d6UdsYDk0lMebHNR4S2NybQMMngAOnOwYBQjTOiv0MkoJMP0Myw2mgpDLBcpfCmRLxyFqYhS/CfOENq4SJhQ==
  dependencies:
    es6-promise "^4.0.3"

escalade@^3.1.1:
  version "3.2.0"

escape-string-regexp@4.0.0:
  version "4.0.0"

eventemitter3@^4.0.7:
  version "4.0.7"

eventemitter3@^5.0.1:
  version "5.0.1"
  resolved "https://registry.npmjs.org/eventemitter3/-/eventemitter3-5.0.1.tgz"
  integrity sha512-GWkBvjiSZK87ELrYOSESUYeVIc9mvLLf/nXalMOS5dYrgZq9o5OVkbZAVM06CVxYsCwH9BDZFPlQTlPA1j4ahA==

eyes@^0.1.8:
  version "0.1.8"
  resolved "https://registry.npmjs.org/eyes/-/eyes-0.1.8.tgz"
  integrity sha512-GipyPsXO1anza0AOZdy69Im7hGFCNB7Y/NGjDlZGJ3GJJLtwNSb2vrzYrTYJRrRloVx7pl+bhUaTB8yiccPvFQ==

fast-stable-stringify@^1.0.0:
  version "1.0.0"

file-uri-to-path@1.0.0:
  version "1.0.0"
  resolved "https://registry.npmjs.org/file-uri-to-path/-/file-uri-to-path-1.0.0.tgz"
  integrity sha512-0Zt+s3L7Vf1biwWZ29aARiVYLx7iMGnEUl9x33fbB/j3jR81u/O2LbqK+Bm1CDSNDKVtJ/YjwY7TUd5SkeLQLw==

fill-range@^7.1.1:
  version "7.1.1"
  dependencies:
    to-regex-range "^5.0.1"

find-up@5.0.0:
  version "5.0.0"
  dependencies:
    locate-path "^6.0.0"
    path-exists "^4.0.0"

flat@^5.0.2:
  version "5.0.2"

fs.realpath@^1.0.0:
  version "1.0.0"

get-caller-file@^2.0.5:
  version "2.0.5"

get-func-name@^2.0.1, get-func-name@^2.0.2:
  version "2.0.2"

glob-parent@~5.1.2:
  version "5.1.2"
  dependencies:
    is-glob "^4.0.1"

glob@7.2.0:
  version "7.2.0"
  dependencies:
    fs.realpath "^1.0.0"
    inflight "^1.0.4"
    inherits "2"
    minimatch "^3.0.4"
    once "^1.3.0"
    path-is-absolute "^1.0.0"

growl@1.10.5:
  version "1.10.5"

has-flag@^4.0.0:
  version "4.0.0"

he@1.2.0:
  version "1.2.0"

humanize-ms@^1.2.1:
  version "1.2.1"
  dependencies:
    ms "^2.0.0"

ieee754@^1.2.1:
  version "1.2.1"

inflight@^1.0.4:
  version "1.0.6"
  dependencies:
    once "^1.3.0"
    wrappy "1"

inherits@2:
  version "2.0.4"

is-binary-path@~2.1.0:
  version "2.1.0"
  dependencies:
    binary-extensions "^2.0.0"

is-extglob@^2.1.1:
  version "2.1.1"

is-fullwidth-code-point@^3.0.0:
  version "3.0.0"

is-glob@^4.0.1, is-glob@~4.0.1:
  version "4.0.3"
  dependencies:
    is-extglob "^2.1.1"

is-number@^7.0.0:
  version "7.0.0"

is-plain-obj@^2.1.0:
  version "2.1.0"

is-unicode-supported@^0.1.0:
  version "0.1.0"

isexe@^2.0.0:
  version "2.0.0"

isomorphic-ws@^4.0.1:
  version "4.0.1"
  resolved "https://registry.npmjs.org/isomorphic-ws/-/isomorphic-ws-4.0.1.tgz"
  integrity sha512-BhBvN2MBpWTaSHdWRb/bwdZJ1WaehQ2L1KngkCkfLUGF0mAWAT1sQUQacEmQ0jXkFw/czDXPNQSL5u2/Krsz1w==

jayson@^3.4.4:
  version "3.7.0"
  resolved "https://registry.npmjs.org/jayson/-/jayson-3.7.0.tgz"
  integrity sha512-tfy39KJMrrXJ+mFcMpxwBvFDetS8LAID93+rycFglIQM4kl3uNR3W4lBLE/FFhsoUCEox5Dt2adVpDm/XtebbQ==
  dependencies:
    "@types/connect" "^3.4.33"
    "@types/node" "^12.12.54"
    "@types/ws" "^7.4.4"
    commander "^2.20.3"
    delay "^5.0.0"
    es6-promisify "^5.0.0"
    eyes "^0.1.8"
    isomorphic-ws "^4.0.1"
    json-stringify-safe "^5.0.1"
    JSONStream "^1.3.5"
    lodash "^4.17.20"
    uuid "^8.3.2"
    ws "^7.4.5"

jayson@^4.0.0, jayson@^4.1.0:
  version "4.2.0"
  resolved "https://registry.npmjs.org/jayson/-/jayson-4.2.0.tgz"
  integrity sha512-VfJ9t1YLwacIubLhONk0KFeosUBwstRWQ0IRT1KDjEjnVnSOVHC3uwugyV7L0c7R9lpVyrUGT2XWiBA1UTtpyg==
  dependencies:
    "@types/connect" "^3.4.33"
    "@types/node" "^12.12.54"
    "@types/ws" "^7.4.4"
    commander "^2.20.3"
    delay "^5.0.0"
    es6-promisify "^5.0.0"
    eyes "^0.1.8"
    isomorphic-ws "^4.0.1"
    json-stringify-safe "^5.0.1"
    stream-json "^1.9.1"
    uuid "^8.3.2"
    ws "^7.5.10"

jayson@^4.1.1:
  version "4.2.0"
  resolved "https://registry.npmjs.org/jayson/-/jayson-4.2.0.tgz"
  integrity sha512-VfJ9t1YLwacIubLhONk0KFeosUBwstRWQ0IRT1KDjEjnVnSOVHC3uwugyV7L0c7R9lpVyrUGT2XWiBA1UTtpyg==
  dependencies:
    "@types/connect" "^3.4.33"
    "@types/node" "^12.12.54"
    "@types/ws" "^7.4.4"
    commander "^2.20.3"
    delay "^5.0.0"
    es6-promisify "^5.0.0"
    eyes "^0.1.8"
    isomorphic-ws "^4.0.1"
    json-stringify-safe "^5.0.1"
    stream-json "^1.9.1"
    uuid "^8.3.2"
    ws "^7.5.10"

jito-ts@^3.0.1:
  version "3.0.1"
  resolved "https://registry.npmjs.org/jito-ts/-/jito-ts-3.0.1.tgz"
  integrity sha512-TSofF7KqcwyaWGjPaSYC8RDoNBY1TPRNBHdrw24bdIi7mQ5bFEDdYK3D//llw/ml8YDvcZlgd644WxhjLTS9yg==
  dependencies:
    "@grpc/grpc-js" "^1.8.13"
    "@noble/ed25519" "^1.7.1"
    "@solana/web3.js" "~1.77.3"
    agentkeepalive "^4.3.0"
    dotenv "^16.0.3"
    jayson "^4.0.0"
    node-fetch "^2.6.7"
    superstruct "^1.0.3"

js-yaml@4.1.0:
  version "4.1.0"
  dependencies:
    argparse "^2.0.1"

json-stringify-safe@^5.0.1:
  version "5.0.1"
  resolved "https://registry.npmjs.org/json-stringify-safe/-/json-stringify-safe-5.0.1.tgz"
  integrity sha512-ZClg6AaYvamvYEE82d3Iyd3vSSIjQ+odgjaTzRuO3s7toCdFKczob2i0zCh7JE8kWn17yvAWhUVxvqGwUalsRA==

json5@^1.0.2:
  version "1.0.2"
  dependencies:
    minimist "^1.2.0"

jsonparse@^1.2.0:
  version "1.3.1"
  resolved "https://registry.npmjs.org/jsonparse/-/jsonparse-1.3.1.tgz"
  integrity sha512-POQXvpdL69+CluYsillJ7SUhKvytYjW9vG/GKpnf+xP8UWgYEM/RaMzHHofbALDiKbbP1W8UEYmgGl39WkPZsg==

JSONStream@^1.3.5:
  version "1.3.5"
  resolved "https://registry.npmjs.org/JSONStream/-/JSONStream-1.3.5.tgz"
  integrity sha512-E+iruNOY8VV9s4JEbe1aNEm6MiszPRr/UfcHMz0TQh1BXSxHK+ASV1R6W4HpjBhSeS+54PIsAMCBmwD06LLsqQ==
  dependencies:
    jsonparse "^1.2.0"
    through ">=2.2.7 <3"

locate-path@^6.0.0:
  version "6.0.0"
  dependencies:
    p-locate "^5.0.0"

lodash.camelcase@^4.3.0:
  version "4.3.0"
  resolved "https://registry.npmjs.org/lodash.camelcase/-/lodash.camelcase-4.3.0.tgz"
  integrity sha512-TwuEnCnxbc3rAvhf/LbG7tJUDzhqXyFnv3dtzLOPgCG/hODL7WFnsbwktkD7yUV0RrreP/l1PALq/YSg6VvjlA==

lodash@^4.17.20:
  version "4.17.21"
  resolved "https://registry.npmjs.org/lodash/-/lodash-4.17.21.tgz"
  integrity sha512-v2kDEe57lecTulaDIuNTPy3Ry4gLGJ6Z1O3vE1krgXZNrsQ+LFTGHVxVjcXPs17LhbZVGedAJv8XZ1tvj5FvSg==

log-symbols@4.1.0:
  version "4.1.0"
  dependencies:
    chalk "^4.1.0"
    is-unicode-supported "^0.1.0"

long@^5.0.0:
  version "5.3.2"
  resolved "https://registry.npmjs.org/long/-/long-5.3.2.tgz"
  integrity sha512-mNAgZ1GmyNhD7AuqnTG3/VQ26o760+ZYBPKjPvugO8+nLbYfX6TVpJPseBvopbdY+qpZ/lKUnmEc1LeZYS3QAA==

loupe@^2.3.6:
  version "2.3.7"
  dependencies:
    get-func-name "^2.0.1"

lower-case@^2.0.2:
  version "2.0.2"
  dependencies:
    tslib "^2.0.3"

make-error@^1.1.1:
  version "1.3.6"

minimatch@^3.0.4:
  version "3.1.2"
  dependencies:
    brace-expansion "^1.1.7"

minimatch@4.2.1:
  version "4.2.1"
  dependencies:
    brace-expansion "^1.1.7"

minimist@^1.2.0, minimist@^1.2.6:
  version "1.2.8"

mkdirp@^0.5.1:
  version "0.5.6"
  dependencies:
    minimist "^1.2.6"

mocha@^9.0.3:
  version "9.2.2"
  dependencies:
    "@ungap/promise-all-settled" "1.1.2"
    ansi-colors "4.1.1"
    browser-stdout "1.3.1"
    chokidar "3.5.3"
    debug "4.3.3"
    diff "5.0.0"
    escape-string-regexp "4.0.0"
    find-up "5.0.0"
    glob "7.2.0"
    growl "1.10.5"
    he "1.2.0"
    js-yaml "4.1.0"
    log-symbols "4.1.0"
    minimatch "4.2.1"
    ms "2.1.3"
    nanoid "3.3.1"
    serialize-javascript "6.0.0"
    strip-json-comments "3.1.1"
    supports-color "8.1.1"
    which "2.0.2"
    workerpool "6.2.0"
    yargs "16.2.0"
    yargs-parser "20.2.4"
    yargs-unparser "2.0.0"

ms@^2.0.0, ms@2.1.3:
  version "2.1.3"

ms@2.1.2:
  version "2.1.2"

nanoid@3.3.1:
  version "3.3.1"

no-case@^3.0.4:
  version "3.0.4"
  dependencies:
    lower-case "^2.0.2"
    tslib "^2.0.3"

node-fetch@^2.6.7, node-fetch@^2.7.0, node-fetch@2:
  version "2.7.0"
  dependencies:
    whatwg-url "^5.0.0"

node-gyp-build@^4.3.0:
  version "4.8.4"

normalize-path@^3.0.0, normalize-path@~3.0.0:
  version "3.0.0"

once@^1.3.0:
  version "1.4.0"
  dependencies:
    wrappy "1"

p-limit@^3.0.2:
  version "3.1.0"
  dependencies:
    yocto-queue "^0.1.0"

p-locate@^5.0.0:
  version "5.0.0"
  dependencies:
    p-limit "^3.0.2"

pako@^2.0.3:
  version "2.1.0"

path-exists@^4.0.0:
  version "4.0.0"

path-is-absolute@^1.0.0:
  version "1.0.1"

pathval@^1.1.1:
  version "1.1.1"

picomatch@^2.0.4:
  version "2.3.1"

picomatch@^2.2.1:
  version "2.3.1"

prettier@^2.6.2:
  version "2.8.8"

protobufjs@^7.2.5:
  version "7.5.4"
  resolved "https://registry.npmjs.org/protobufjs/-/protobufjs-7.5.4.tgz"
  integrity sha512-CvexbZtbov6jW2eXAvLukXjXUW1TzFaivC46BpWc/3BpcCysb5Vffu+B3XHMm8lVEuy2Mm4XGex8hBSg1yapPg==
  dependencies:
    "@protobufjs/aspromise" "^1.1.2"
    "@protobufjs/base64" "^1.1.2"
    "@protobufjs/codegen" "^2.0.4"
    "@protobufjs/eventemitter" "^1.1.0"
    "@protobufjs/fetch" "^1.1.0"
    "@protobufjs/float" "^1.0.2"
    "@protobufjs/inquire" "^1.1.0"
    "@protobufjs/path" "^1.1.2"
    "@protobufjs/pool" "^1.1.0"
    "@protobufjs/utf8" "^1.1.0"
    "@types/node" ">=13.7.0"
    long "^5.0.0"

randombytes@^2.1.0:
  version "2.1.0"
  dependencies:
    safe-buffer "^5.1.0"

readdirp@~3.6.0:
  version "3.6.0"
  dependencies:
    picomatch "^2.2.1"

require-directory@^2.1.1:
  version "2.1.1"

rpc-websockets@^7.5.0, rpc-websockets@^7.5.1, rpc-websockets@7.11.0:
  version "7.11.0"
  resolved "https://registry.npmjs.org/rpc-websockets/-/rpc-websockets-7.11.0.tgz"
  integrity sha512-IkLYjayPv6Io8C/TdCL5gwgzd1hFz2vmBZrjMw/SPEXo51ETOhnzgS4Qy5GWi2JQN7HKHa66J3+2mv0fgNh/7w==
  dependencies:
    eventemitter3 "^4.0.7"
    uuid "^8.3.2"
    ws "^8.5.0"
  optionalDependencies:
    bufferutil "^4.0.1"
    utf-8-validate "^5.0.2"

rpc-websockets@^9.0.2:
  version "9.1.3"
  resolved "https://registry.npmjs.org/rpc-websockets/-/rpc-websockets-9.1.3.tgz"
  integrity sha512-I+kNjW0udB4Fetr3vvtRuYZJS0PcSPyyvBcH5sDdoV8DFs5E4W2pTr7aiMlKfPxANTClP9RlqCPolj9dd5MsEA==
  dependencies:
    "@swc/helpers" "^0.5.11"
    "@types/uuid" "^8.3.4"
    "@types/ws" "^8.2.2"
    buffer "^6.0.3"
    eventemitter3 "^5.0.1"
    uuid "^8.3.2"
    ws "^8.5.0"
  optionalDependencies:
    bufferutil "^4.0.1"
    utf-8-validate "^5.0.2"

safe-buffer@^5.0.1, safe-buffer@^5.1.0:
  version "5.2.1"

serialize-javascript@6.0.0:
  version "6.0.0"
  dependencies:
    randombytes "^2.1.0"

snake-case@^3.0.4:
  version "3.0.4"
  dependencies:
    dot-case "^3.0.4"
    tslib "^2.0.3"

source-map-support@^0.5.6:
  version "0.5.21"
  dependencies:
    buffer-from "^1.0.0"
    source-map "^0.6.0"

source-map@^0.6.0:
  version "0.6.1"

stream-chain@^2.2.5:
  version "2.2.5"
  resolved "https://registry.npmjs.org/stream-chain/-/stream-chain-2.2.5.tgz"
  integrity sha512-1TJmBx6aSWqZ4tx7aTpBDXK0/e2hhcNSTV8+CbFJtDjbb+I1mZ8lHit0Grw9GRT+6JbIrrDd8esncgBi8aBXGA==

stream-json@^1.9.1:
  version "1.9.1"
  resolved "https://registry.npmjs.org/stream-json/-/stream-json-1.9.1.tgz"
  integrity sha512-uWkjJ+2Nt/LO9Z/JyKZbMusL8Dkh97uUBTv3AJQ74y07lVahLY4eEFsPsE97pxYBwr8nnjMAIch5eqI0gPShyw==
  dependencies:
    stream-chain "^2.2.5"

string-width@^4.1.0, string-width@^4.2.0, string-width@^4.2.3:
  version "4.2.3"
  dependencies:
    emoji-regex "^8.0.0"
    is-fullwidth-code-point "^3.0.0"
    strip-ansi "^6.0.1"

strip-ansi@^6.0.0, strip-ansi@^6.0.1:
  version "6.0.1"
  dependencies:
    ansi-regex "^5.0.1"

strip-bom@^3.0.0:
  version "3.0.0"

strip-json-comments@3.1.1:
  version "3.1.1"

superstruct@^0.14.2:
  version "0.14.2"
  resolved "https://registry.npmjs.org/superstruct/-/superstruct-0.14.2.tgz"
  integrity sha512-nPewA6m9mR3d6k7WkZ8N8zpTWfenFH3q9pA2PkuiZxINr9DKB2+40wEQf0ixn8VaGuJ78AB6iWOtStI+/4FKZQ==

superstruct@^0.15.4:
  version "0.15.5"

superstruct@^1.0.3:
  version "1.0.4"
  resolved "https://registry.npmjs.org/superstruct/-/superstruct-1.0.4.tgz"
  integrity sha512-7JpaAoX2NGyoFlI9NBh66BQXGONc+uE+MRS5i2iOBKuS4e+ccgMDjATgZldkah+33DakBxDHiss9kvUcGAO8UQ==

superstruct@^2.0.2:
  version "2.0.2"
  resolved "https://registry.npmjs.org/superstruct/-/superstruct-2.0.2.tgz"
  integrity sha512-uV+TFRZdXsqXTL2pRvujROjdZQ4RAlBUS5BTh9IGm+jTqQntYThciG/qu57Gs69yjnVUSqdxF9YLmSnpupBW9A==

supports-color@^7.1.0:
  version "7.2.0"
  dependencies:
    has-flag "^4.0.0"

supports-color@8.1.1:
  version "8.1.1"
  dependencies:
    has-flag "^4.0.0"

text-encoding-utf-8@^1.0.2:
  version "1.0.2"

"through@>=2.2.7 <3":
  version "2.3.8"
  resolved "https://registry.npmjs.org/through/-/through-2.3.8.tgz"
  integrity sha512-w89qg7PI8wAdvX60bMDP+bFoD5Dvhm9oLheFp5O4a2QF0cSBGsBX4qZmadPMvVqlLJBBci+WqGGOAPvcDeNSVg==

to-regex-range@^5.0.1:
  version "5.0.1"
  dependencies:
    is-number "^7.0.0"

toml@^3.0.0:
  version "3.0.0"

tr46@~0.0.3:
  version "0.0.3"

ts-mocha@^10.0.0:
  version "10.1.0"
  dependencies:
    ts-node "7.0.1"
  optionalDependencies:
    tsconfig-paths "^3.5.0"

ts-node@7.0.1:
  version "7.0.1"
  dependencies:
    arrify "^1.0.0"
    buffer-from "^1.1.0"
    diff "^3.1.0"
    make-error "^1.1.1"
    minimist "^1.2.0"
    mkdirp "^0.5.1"
    source-map-support "^0.5.6"
    yn "^2.0.0"

tsconfig-paths@^3.5.0:
  version "3.15.0"
  dependencies:
    "@types/json5" "^0.0.29"
    json5 "^1.0.2"
    minimist "^1.2.6"
    strip-bom "^3.0.0"

tslib@^2.0.3, tslib@^2.8.0:
  version "2.8.1"

type-detect@^4.0.0, type-detect@^4.1.0:
  version "4.1.0"

typescript@^5.7.3:
  version "5.9.2"

undici-types@~7.10.0:
  version "7.10.0"

utf-8-validate@^5.0.2:
  version "5.0.10"
  dependencies:
    node-gyp-build "^4.3.0"

uuid@^8.3.2:
  version "8.3.2"

webidl-conversions@^3.0.0:
  version "3.0.1"

whatwg-url@^5.0.0:
  version "5.0.0"
  dependencies:
    tr46 "~0.0.3"
    webidl-conversions "^3.0.0"

which@2.0.2:
  version "2.0.2"
  dependencies:
    isexe "^2.0.0"

workerpool@6.2.0:
  version "6.2.0"

wrap-ansi@^7.0.0:
  version "7.0.0"
  dependencies:
    ansi-styles "^4.0.0"
    string-width "^4.1.0"
    strip-ansi "^6.0.0"

wrappy@1:
  version "1.0.2"

ws@^7.4.5:
  version "7.5.10"
  resolved "https://registry.npmjs.org/ws/-/ws-7.5.10.tgz"
  integrity sha512-+dbF1tHwZpXcbOJdVOkzLDxZP1ailvSxM6ZweXTegylPny803bFhA+vqBYw4s31NSAk4S2Qz+AKXK9a4wkdjcQ==

ws@^7.5.10:
  version "7.5.10"
  resolved "https://registry.npmjs.org/ws/-/ws-7.5.10.tgz"
  integrity sha512-+dbF1tHwZpXcbOJdVOkzLDxZP1ailvSxM6ZweXTegylPny803bFhA+vqBYw4s31NSAk4S2Qz+AKXK9a4wkdjcQ==

ws@^8.5.0:
  version "8.18.3"

y18n@^5.0.5:
  version "5.0.8"

yargs-parser@^20.2.2:
  version "20.2.9"

yargs-parser@^21.1.1:
  version "21.1.1"
  resolved "https://registry.npmjs.org/yargs-parser/-/yargs-parser-21.1.1.tgz"
  integrity sha512-tVpsJW7DdjecAiFpbIB1e3qxIQsE6NoPc5/eTdrbbIC4h0LVsWhnoa3g+m2HclBIujHzsxZ4VJVA+GUuc2/LBw==

yargs-parser@20.2.4:
  version "20.2.4"

yargs-unparser@2.0.0:
  version "2.0.0"
  dependencies:
    camelcase "^6.0.0"
    decamelize "^4.0.0"
    flat "^5.0.2"
    is-plain-obj "^2.1.0"

yargs@^17.7.2:
  version "17.7.2"
  resolved "https://registry.npmjs.org/yargs/-/yargs-17.7.2.tgz"
  integrity sha512-7dSzzRQ++CKnNI/krKnYRV7JKKPUXMEh61soaHKg9mrWEhzFWhFnxPxGl+69cD1Ou63C13NUPCnmIcrvqCuM6w==
  dependencies:
    cliui "^8.0.1"
    escalade "^3.1.1"
    get-caller-file "^2.0.5"
    require-directory "^2.1.1"
    string-width "^4.2.3"
    y18n "^5.0.5"
    yargs-parser "^21.1.1"

yargs@16.2.0:
  version "16.2.0"
  dependencies:
    cliui "^7.0.2"
    escalade "^3.1.1"
    get-caller-file "^2.0.5"
    require-directory "^2.1.1"
    string-width "^4.2.0"
    y18n "^5.0.5"
    yargs-parser "^20.2.2"

yn@^2.0.0:
  version "2.0.0"

yocto-queue@^0.1.0:
  version "0.1.0"
